// !$*UTF8*$!
{
	archiveVersion = 1;
	classes = {
	};
	objectVersion = 46;
	objects = {

/* Begin PBXBuildFile section */
		ADD450E41BA071900065F494 /* AppDelegate.swift in Sources */ = {isa = PBXBuildFile; fileRef = ADD450E31BA071900065F494 /* AppDelegate.swift */; };
		ADD450E91BA071900065F494 /* Main.storyboard in Resources */ = {isa = PBXBuildFile; fileRef = ADD450E71BA071900065F494 /* Main.storyboard */; };
		ADD450EB1BA071900065F494 /* Images.xcassets in Resources */ = {isa = PBXBuildFile; fileRef = ADD450EA1BA071900065F494 /* Images.xcassets */; };
		ADD450EE1BA071900065F494 /* LaunchScreen.xib in Resources */ = {isa = PBXBuildFile; fileRef = ADD450EC1BA071900065F494 /* LaunchScreen.xib */; };
		ADD450FA1BA071900065F494 /* WaterfallFlowTests.swift in Sources */ = {isa = PBXBuildFile; fileRef = ADD450F91BA071900065F494 /* WaterfallFlowTests.swift */; };
		ADD451041BA072DD0065F494 /* CollectionViewController.swift in Sources */ = {isa = PBXBuildFile; fileRef = ADD451031BA072DD0065F494 /* CollectionViewController.swift */; };
		ADD451081BA074260065F494 /* WaterfallFlowLayout.swift in Sources */ = {isa = PBXBuildFile; fileRef = ADD451071BA074260065F494 /* WaterfallFlowLayout.swift */; };
		ADD4510A1BA075D70065F494 /* WaterfallFlowItem.swift in Sources */ = {isa = PBXBuildFile; fileRef = ADD451091BA075D70065F494 /* WaterfallFlowItem.swift */; };
/* End PBXBuildFile section */

/* Begin PBXContainerItemProxy section */
		ADD450F41BA071900065F494 /* PBXContainerItemProxy */ = {
			isa = PBXContainerItemProxy;
			containerPortal = ADD450D61BA071900065F494 /* Project object */;
			proxyType = 1;
			remoteGlobalIDString = ADD450DD1BA071900065F494;
			remoteInfo = WaterfallFlow;
		};
/* End PBXContainerItemProxy section */

/* Begin PBXFileReference section */
		ADD450DE1BA071900065F494 /* WaterfallFlow.app */ = {isa = PBXFileReference; explicitFileType = wrapper.application; includeInIndex = 0; path = WaterfallFlow.app; sourceTree = BUILT_PRODUCTS_DIR; };
		ADD450E21BA071900065F494 /* Info.plist */ = {isa = PBXFileReference; lastKnownFileType = text.plist.xml; path = Info.plist; sourceTree = "<group>"; };
		ADD450E31BA071900065F494 /* AppDelegate.swift */ = {isa = PBXFileReference; lastKnownFileType = sourcecode.swift; path = AppDelegate.swift; sourceTree = "<group>"; };
		ADD450E81BA071900065F494 /* Base */ = {isa = PBXFileReference; lastKnownFileType = file.storyboard; name = Base; path = Base.lproj/Main.storyboard; sourceTree = "<group>"; };
		ADD450EA1BA071900065F494 /* Images.xcassets */ = {isa = PBXFileReference; lastKnownFileType = folder.assetcatalog; path = Images.xcassets; sourceTree = "<group>"; };
		ADD450ED1BA071900065F494 /* Base */ = {isa = PBXFileReference; lastKnownFileType = file.xib; name = Base; path = Base.lproj/LaunchScreen.xib; sourceTree = "<group>"; };
		ADD450F31BA071900065F494 /* WaterfallFlowTests.xctest */ = {isa = PBXFileReference; explicitFileType = wrapper.cfbundle; includeInIndex = 0; path = WaterfallFlowTests.xctest; sourceTree = BUILT_PRODUCTS_DIR; };
		ADD450F81BA071900065F494 /* Info.plist */ = {isa = PBXFileReference; lastKnownFileType = text.plist.xml; path = Info.plist; sourceTree = "<group>"; };
		ADD450F91BA071900065F494 /* WaterfallFlowTests.swift */ = {isa = PBXFileReference; lastKnownFileType = sourcecode.swift; path = WaterfallFlowTests.swift; sourceTree = "<group>"; };
		ADD451031BA072DD0065F494 /* CollectionViewController.swift */ = {isa = PBXFileReference; fileEncoding = 4; lastKnownFileType = sourcecode.swift; path = CollectionViewController.swift; sourceTree = "<group>"; };
		ADD451071BA074260065F494 /* WaterfallFlowLayout.swift */ = {isa = PBXFileReference; fileEncoding = 4; lastKnownFileType = sourcecode.swift; path = WaterfallFlowLayout.swift; sourceTree = "<group>"; };
		ADD451091BA075D70065F494 /* WaterfallFlowItem.swift */ = {isa = PBXFileReference; fileEncoding = 4; lastKnownFileType = sourcecode.swift; path = WaterfallFlowItem.swift; sourceTree = "<group>"; };
/* End PBXFileReference section */

/* Begin PBXFrameworksBuildPhase section */
		ADD450DB1BA071900065F494 /* Frameworks */ = {
			isa = PBXFrameworksBuildPhase;
			buildActionMask = 2147483647;
			files = (
			);
			runOnlyForDeploymentPostprocessing = 0;
		};
		ADD450F01BA071900065F494 /* Frameworks */ = {
			isa = PBXFrameworksBuildPhase;
			buildActionMask = 2147483647;
			files = (
			);
			runOnlyForDeploymentPostprocessing = 0;
		};
/* End PBXFrameworksBuildPhase section */

/* Begin PBXGroup section */
		ADD450D51BA071900065F494 = {
			isa = PBXGroup;
			children = (
				ADD450E01BA071900065F494 /* WaterfallFlow */,
				ADD450F61BA071900065F494 /* WaterfallFlowTests */,
				ADD450DF1BA071900065F494 /* Products */,
			);
			sourceTree = "<group>";
		};
		ADD450DF1BA071900065F494 /* Products */ = {
			isa = PBXGroup;
			children = (
				ADD450DE1BA071900065F494 /* WaterfallFlow.app */,
				ADD450F31BA071900065F494 /* WaterfallFlowTests.xctest */,
			);
			name = Products;
			sourceTree = "<group>";
		};
		ADD450E01BA071900065F494 /* WaterfallFlow */ = {
			isa = PBXGroup;
			children = (
				ADD450E31BA071900065F494 /* AppDelegate.swift */,
				ADD450E71BA071900065F494 /* Main.storyboard */,
				ADD450EA1BA071900065F494 /* Images.xcassets */,
				ADD450EC1BA071900065F494 /* LaunchScreen.xib */,
				ADD450E11BA071900065F494 /* Supporting Files */,
				ADD451031BA072DD0065F494 /* CollectionViewController.swift */,
				ADD451071BA074260065F494 /* WaterfallFlowLayout.swift */,
				ADD451091BA075D70065F494 /* WaterfallFlowItem.swift */,
			);
			path = WaterfallFlow;
			sourceTree = "<group>";
		};
		ADD450E11BA071900065F494 /* Supporting Files */ = {
			isa = PBXGroup;
			children = (
				ADD450E21BA071900065F494 /* Info.plist */,
			);
			name = "Supporting Files";
			sourceTree = "<group>";
		};
		ADD450F61BA071900065F494 /* WaterfallFlowTests */ = {
			isa = PBXGroup;
			children = (
				ADD450F91BA071900065F494 /* WaterfallFlowTests.swift */,
				ADD450F71BA071900065F494 /* Supporting Files */,
			);
			path = WaterfallFlowTests;
			sourceTree = "<group>";
		};
		ADD450F71BA071900065F494 /* Supporting Files */ = {
			isa = PBXGroup;
			children = (
				ADD450F81BA071900065F494 /* Info.plist */,
			);
			name = "Supporting Files";
			sourceTree = "<group>";
		};
/* End PBXGroup section */

/* Begin PBXNativeTarget section */
		ADD450DD1BA071900065F494 /* WaterfallFlow */ = {
			isa = PBXNativeTarget;
			buildConfigurationList = ADD450FD1BA071900065F494 /* Build configuration list for PBXNativeTarget "WaterfallFlow" */;
			buildPhases = (
				ADD450DA1BA071900065F494 /* Sources */,
				ADD450DB1BA071900065F494 /* Frameworks */,
				ADD450DC1BA071900065F494 /* Resources */,
			);
			buildRules = (
			);
			dependencies = (
			);
			name = WaterfallFlow;
			productName = WaterfallFlow;
			productReference = ADD450DE1BA071900065F494 /* WaterfallFlow.app */;
			productType = "com.apple.product-type.application";
		};
		ADD450F21BA071900065F494 /* WaterfallFlowTests */ = {
			isa = PBXNativeTarget;
			buildConfigurationList = ADD451001BA071900065F494 /* Build configuration list for PBXNativeTarget "WaterfallFlowTests" */;
			buildPhases = (
				ADD450EF1BA071900065F494 /* Sources */,
				ADD450F01BA071900065F494 /* Frameworks */,
				ADD450F11BA071900065F494 /* Resources */,
			);
			buildRules = (
			);
			dependencies = (
				ADD450F51BA071900065F494 /* PBXTargetDependency */,
			);
			name = WaterfallFlowTests;
			productName = WaterfallFlowTests;
			productReference = ADD450F31BA071900065F494 /* WaterfallFlowTests.xctest */;
			productType = "com.apple.product-type.bundle.unit-test";
		};
/* End PBXNativeTarget section */

/* Begin PBXProject section */
		ADD450D61BA071900065F494 /* Project object */ = {
			isa = PBXProject;
			attributes = {
				LastUpgradeCheck = 0630;
				ORGANIZATIONNAME = "高万里";
				TargetAttributes = {
					ADD450DD1BA071900065F494 = {
						CreatedOnToolsVersion = 6.3.1;
					};
					ADD450F21BA071900065F494 = {
						CreatedOnToolsVersion = 6.3.1;
						TestTargetID = ADD450DD1BA071900065F494;
					};
				};
			};
			buildConfigurationList = ADD450D91BA071900065F494 /* Build configuration list for PBXProject "WaterfallFlow" */;
			compatibilityVersion = "Xcode 3.2";
			developmentRegion = English;
			hasScannedForEncodings = 0;
			knownRegions = (
				en,
				Base,
			);
			mainGroup = ADD450D51BA071900065F494;
			productRefGroup = ADD450DF1BA071900065F494 /* Products */;
			projectDirPath = "";
			projectRoot = "";
			targets = (
				ADD450DD1BA071900065F494 /* WaterfallFlow */,
				ADD450F21BA071900065F494 /* WaterfallFlowTests */,
			);
		};
/* End PBXProject section */

/* Begin PBXResourcesBuildPhase section */
		ADD450DC1BA071900065F494 /* Resources */ = {
			isa = PBXResourcesBuildPhase;
			buildActionMask = 2147483647;
			files = (
				ADD450E91BA071900065F494 /* Main.storyboard in Resources */,
				ADD450EE1BA071900065F494 /* LaunchScreen.xib in Resources */,
				ADD450EB1BA071900065F494 /* Images.xcassets in Resources */,
			);
			runOnlyForDeploymentPostprocessing = 0;
		};
		ADD450F11BA071900065F494 /* Resources */ = {
			isa = PBXResourcesBuildPhase;
			buildActionMask = 2147483647;
			files = (
			);
			runOnlyForDeploymentPostprocessing = 0;
		};
/* End PBXResourcesBuildPhase section */

/* Begin PBXSourcesBuildPhase section */
		ADD450DA1BA071900065F494 /* Sources */ = {
			isa = PBXSourcesBuildPhase;
			buildActionMask = 2147483647;
			files = (
				ADD451041BA072DD0065F494 /* CollectionViewController.swift in Sources */,
				ADD450E41BA071900065F494 /* AppDelegate.swift in Sources */,
				ADD451081BA074260065F494 /* WaterfallFlowLayout.swift in Sources */,
				ADD4510A1BA075D70065F494 /* WaterfallFlowItem.swift in Sources */,
			);
			runOnlyForDeploymentPostprocessing = 0;
		};
		ADD450EF1BA071900065F494 /* Sources */ = {
			isa = PBXSourcesBuildPhase;
			buildActionMask = 2147483647;
			files = (
				ADD450FA1BA071900065F494 /* WaterfallFlowTests.swift in Sources */,
			);
			runOnlyForDeploymentPostprocessing = 0;
		};
/* End PBXSourcesBuildPhase section */

/* Begin PBXTargetDependency section */
		ADD450F51BA071900065F494 /* PBXTargetDependency */ = {
			isa = PBXTargetDependency;
			target = ADD450DD1BA071900065F494 /* WaterfallFlow */;
			targetProxy = ADD450F41BA071900065F494 /* PBXContainerItemProxy */;
		};
/* End PBXTargetDependency section */

/* Begin PBXVariantGroup section */
		ADD450E71BA071900065F494 /* Main.storyboard */ = {
			isa = PBXVariantGroup;
			children = (
				ADD450E81BA071900065F494 /* Base */,
			);
			name = Main.storyboard;
			sourceTree = "<group>";
		};
		ADD450EC1BA071900065F494 /* LaunchScreen.xib */ = {
			isa = PBXVariantGroup;
			children = (
				ADD450ED1BA071900065F494 /* Base */,
			);
			name = LaunchScreen.xib;
			sourceTree = "<group>";
		};
/* End PBXVariantGroup section */

/* Begin XCBuildConfiguration section */
		ADD450FB1BA071900065F494 /* Debug */ = {
			isa = XCBuildConfiguration;
			buildSettings = {
				ALWAYS_SEARCH_USER_PATHS = NO;
				CLANG_CXX_LANGUAGE_STANDARD = "gnu++0x";
				CLANG_CXX_LIBRARY = "libc++";
				CLANG_ENABLE_MODULES = YES;
				CLANG_ENABLE_OBJC_ARC = YES;
				CLANG_WARN_BOOL_CONVERSION = YES;
				CLANG_WARN_CONSTANT_CONVERSION = YES;
				CLANG_WARN_DIRECT_OBJC_ISA_USAGE = YES_ERROR;
				CLANG_WARN_EMPTY_BODY = YES;
				CLANG_WARN_ENUM_CONVERSION = YES;
				CLANG_WARN_INT_CONVERSION = YES;
				CLANG_WARN_OBJC_ROOT_CLASS = YES_ERROR;
				CLANG_WARN_UNREACHABLE_CODE = YES;
				CLANG_WARN__DUPLICATE_METHOD_MATCH = YES;
				"CODE_SIGN_IDENTITY[sdk=iphoneos*]" = "iPhone Developer";
				COPY_PHASE_STRIP = NO;
				DEBUG_INFORMATION_FORMAT = "dwarf-with-dsym";
				ENABLE_STRICT_OBJC_MSGSEND = YES;
				GCC_C_LANGUAGE_STANDARD = gnu99;
				GCC_DYNAMIC_NO_PIC = NO;
				GCC_NO_COMMON_BLOCKS = YES;
				GCC_OPTIMIZATION_LEVEL = 0;
				GCC_PREPROCESSOR_DEFINITIONS = (
					"DEBUG=1",
					"$(inherited)",
				);
				GCC_SYMBOLS_PRIVATE_EXTERN = NO;
				GCC_WARN_64_TO_32_BIT_CONVERSION = YES;
				GCC_WARN_ABOUT_RETURN_TYPE = YES_ERROR;
				GCC_WARN_UNDECLARED_SELECTOR = YES;
				GCC_WARN_UNINITIALIZED_AUTOS = YES_AGGRESSIVE;
				GCC_WARN_UNUSED_FUNCTION = YES;
				GCC_WARN_UNUSED_VARIABLE = YES;
				IPHONEOS_DEPLOYMENT_TARGET = 8.3;
				MTL_ENABLE_DEBUG_INFO = YES;
				ONLY_ACTIVE_ARCH = YES;
				SDKROOT = iphoneos;
				SWIFT_OPTIMIZATION_LEVEL = "-Onone";
			};
			name = Debug;
		};
		ADD450FC1BA071900065F494 /* Release */ = {
			isa = XCBuildConfiguration;
			buildSettings = {
				ALWAYS_SEARCH_USER_PATHS = NO;
				CLANG_CXX_LANGUAGE_STANDARD = "gnu++0x";
				CLANG_CXX_LIBRARY = "libc++";
				CLANG_ENABLE_MODULES = YES;
				CLANG_ENABLE_OBJC_ARC = YES;
				CLANG_WARN_BOOL_CONVERSION = YES;
				CLANG_WARN_CONSTANT_CONVERSION = YES;
				CLANG_WARN_DIRECT_OBJC_ISA_USAGE = YES_ERROR;
				CLANG_WARN_EMPTY_BODY = YES;
				CLANG_WARN_ENUM_CONVERSION = YES;
				CLANG_WARN_INT_CONVERSION = YES;
				CLANG_WARN_OBJC_ROOT_CLASS = YES_ERROR;
				CLANG_WARN_UNREACHABLE_CODE = YES;
				CLANG_WARN__DUPLICATE_METHOD_MATCH = YES;
				"CODE_SIGN_IDENTITY[sdk=iphoneos*]" = "iPhone Developer";
				COPY_PHASE_STRIP = NO;
				DEBUG_INFORMATION_FORMAT = "dwarf-with-dsym";
				ENABLE_NS_ASSERTIONS = NO;
				ENABLE_STRICT_OBJC_MSGSEND = YES;
				GCC_C_LANGUAGE_STANDARD = gnu99;
				GCC_NO_COMMON_BLOCKS = YES;
				GCC_WARN_64_TO_32_BIT_CONVERSION = YES;
				GCC_WARN_ABOUT_RETURN_TYPE = YES_ERROR;
				GCC_WARN_UNDECLARED_SELECTOR = YES;
				GCC_WARN_UNINITIALIZED_AUTOS = YES_AGGRESSIVE;
				GCC_WARN_UNUSED_FUNCTION = YES;
				GCC_WARN_UNUSED_VARIABLE = YES;
				IPHONEOS_DEPLOYMENT_TARGET = 8.3;
				MTL_ENABLE_DEBUG_INFO = NO;
				SDKROOT = iphoneos;
				VALIDATE_PRODUCT = YES;
			};
			name = Release;
		};
		ADD450FE1BA071900065F494 /* Debug */ = {
			isa = XCBuildConfiguration;
			buildSettings = {
				ASSETCATALOG_COMPILER_APPICON_NAME = AppIcon;
				INFOPLIST_FILE = WaterfallFlow/Info.plist;
				LD_RUNPATH_SEARCH_PATHS = "$(inherited) @executable_path/Frameworks";
				PRODUCT_NAME = "$(TARGET_NAME)";
			};
			name = Debug;
		};
		ADD450FF1BA071900065F494 /* Release */ = {
			isa = XCBuildConfiguration;
			buildSettings = {
				ASSETCATALOG_COMPILER_APPICON_NAME = AppIcon;
				INFOPLIST_FILE = WaterfallFlow/Info.plist;
				LD_RUNPATH_SEARCH_PATHS = "$(inherited) @executable_path/Frameworks";
				PRODUCT_NAME = "$(TARGET_NAME)";
			};
			name = Release;
		};
		ADD451011BA071900065F494 /* Debug */ = {
			isa = XCBuildConfiguration;
			buildSettings = {
				BUNDLE_LOADER = "$(TEST_HOST)";
				FRAMEWORK_SEARCH_PATHS = (
					"$(SDKROOT)/Developer/Library/Frameworks",
					"$(inherited)",
				);
				GCC_PREPROCESSOR_DEFINITIONS = (
					"DEBUG=1",
					"$(inherited)",
				);
				INFOPLIST_FILE = WaterfallFlowTests/Info.plist;
				LD_RUNPATH_SEARCH_PATHS = "$(inherited) @executable_path/Frameworks @loader_path/Frameworks";
				PRODUCT_NAME = "$(TARGET_NAME)";
				TEST_HOST = "$(BUILT_PRODUCTS_DIR)/WaterfallFlow.app/WaterfallFlow";
			};
			name = Debug;
		};
		ADD451021BA071900065F494 /* Release */ = {
			isa = XCBuildConfiguration;
			buildSettings = {
				BUNDLE_LOADER = "$(TEST_HOST)";
				FRAMEWORK_SEARCH_PATHS = (
					"$(SDKROOT)/Developer/Library/Frameworks",
					"$(inherited)",
				);
				INFOPLIST_FILE = WaterfallFlowTests/Info.plist;
				LD_RUNPATH_SEARCH_PATHS = "$(inherited) @executable_path/Frameworks @loader_path/Frameworks";
				PRODUCT_NAME = "$(TARGET_NAME)";
				TEST_HOST = "$(BUILT_PRODUCTS_DIR)/WaterfallFlow.app/WaterfallFlow";
			};
			name = Release;
		};
/* End XCBuildConfiguration section */

/* Begin XCConfigurationList section */
		ADD450D91BA071900065F494 /* Build configuration list for PBXProject "WaterfallFlow" */ = {
			isa = XCConfigurationList;
			buildConfigurations = (
				ADD450FB1BA071900065F494 /* Debug */,
				ADD450FC1BA071900065F494 /* Release */,
			);
			defaultConfigurationIsVisible = 0;
			defaultConfigurationName = Release;
		};
		ADD450FD1BA071900065F494 /* Build configuration list for PBXNativeTarget "WaterfallFlow" */ = {
			isa = XCConfigurationList;
			buildConfigurations = (
				ADD450FE1BA071900065F494 /* Debug */,
				ADD450FF1BA071900065F494 /* Release */,
			);
			defaultConfigurationIsVisible = 0;
			defaultConfigurationName = Release;
		};
		ADD451001BA071900065F494 /* Build configuration list for PBXNativeTarget "WaterfallFlowTests" */ = {
			isa = XCConfigurationList;
			buildConfigurations = (
				ADD451011BA071900065F494 /* Debug */,
				ADD451021BA071900065F494 /* Release */,
			);
			defaultConfigurationIsVisible = 0;
			defaultConfigurationName = Release;
		};
/* End XCConfigurationList section */
	};
	rootObject = ADD450D61BA071900065F494 /* Project object */;
}
